// !$*UTF8*$!
{
	archiveVersion = 1;
	classes = {
	};
	objectVersion = 50;
	objects = {

/* Begin PBXBuildFile section */
		6B8C951E24D120C500C07D63 /* AppDelegate.swift in Sources */ = {isa = PBXBuildFile; fileRef = 6B8C951D24D120C500C07D63 /* AppDelegate.swift */; };
		6B8C952024D120C500C07D63 /* SceneDelegate.swift in Sources */ = {isa = PBXBuildFile; fileRef = 6B8C951F24D120C500C07D63 /* SceneDelegate.swift */; };
		6B8C952224D120C500C07D63 /* ViewController.swift in Sources */ = {isa = PBXBuildFile; fileRef = 6B8C952124D120C500C07D63 /* ViewController.swift */; };
		6B8C952524D120C500C07D63 /* Main.storyboard in Resources */ = {isa = PBXBuildFile; fileRef = 6B8C952324D120C500C07D63 /* Main.storyboard */; };
		6B8C952724D120CC00C07D63 /* Assets.xcassets in Resources */ = {isa = PBXBuildFile; fileRef = 6B8C952624D120CC00C07D63 /* Assets.xcassets */; };
		6B8C952A24D120CC00C07D63 /* LaunchScreen.storyboard in Resources */ = {isa = PBXBuildFile; fileRef = 6B8C952824D120CC00C07D63 /* LaunchScreen.storyboard */; };
		6B8C953524D120CC00C07D63 /* IMAGETests.swift in Sources */ = {isa = PBXBuildFile; fileRef = 6B8C953424D120CC00C07D63 /* IMAGETests.swift */; };
		6B8C954024D120CC00C07D63 /* IMAGEUITests.swift in Sources */ = {isa = PBXBuildFile; fileRef = 6B8C953F24D120CC00C07D63 /* IMAGEUITests.swift */; };
/* End PBXBuildFile section */

/* Begin PBXContainerItemProxy section */
		6B8C953124D120CC00C07D63 /* PBXContainerItemProxy */ = {
			isa = PBXContainerItemProxy;
			containerPortal = 6B8C951224D120C500C07D63 /* Project object */;
			proxyType = 1;
			remoteGlobalIDString = 6B8C951924D120C500C07D63;
			remoteInfo = IMAGE;
		};
		6B8C953C24D120CC00C07D63 /* PBXContainerItemProxy */ = {
			isa = PBXContainerItemProxy;
			containerPortal = 6B8C951224D120C500C07D63 /* Project object */;
			proxyType = 1;
			remoteGlobalIDString = 6B8C951924D120C500C07D63;
			remoteInfo = IMAGE;
		};
/* End PBXContainerItemProxy section */

/* Begin PBXFileReference section */
		6B8C951A24D120C500C07D63 /* IMAGE.app */ = {isa = PBXFileReference; explicitFileType = wrapper.application; includeInIndex = 0; path = IMAGE.app; sourceTree = BUILT_PRODUCTS_DIR; };
		6B8C951D24D120C500C07D63 /* AppDelegate.swift */ = {isa = PBXFileReference; lastKnownFileType = sourcecode.swift; path = AppDelegate.swift; sourceTree = "<group>"; };
		6B8C951F24D120C500C07D63 /* SceneDelegate.swift */ = {isa = PBXFileReference; lastKnownFileType = sourcecode.swift; path = SceneDelegate.swift; sourceTree = "<group>"; };
		6B8C952124D120C500C07D63 /* ViewController.swift */ = {isa = PBXFileReference; lastKnownFileType = sourcecode.swift; path = ViewController.swift; sourceTree = "<group>"; };
		6B8C952424D120C500C07D63 /* Base */ = {isa = PBXFileReference; lastKnownFileType = file.storyboard; name = Base; path = Base.lproj/Main.storyboard; sourceTree = "<group>"; };
		6B8C952624D120CC00C07D63 /* Assets.xcassets */ = {isa = PBXFileReference; lastKnownFileType = folder.assetcatalog; path = Assets.xcassets; sourceTree = "<group>"; };
		6B8C952924D120CC00C07D63 /* Base */ = {isa = PBXFileReference; lastKnownFileType = file.storyboard; name = Base; path = Base.lproj/LaunchScreen.storyboard; sourceTree = "<group>"; };
		6B8C952B24D120CC00C07D63 /* Info.plist */ = {isa = PBXFileReference; lastKnownFileType = text.plist.xml; path = Info.plist; sourceTree = "<group>"; };
		6B8C953024D120CC00C07D63 /* IMAGETests.xctest */ = {isa = PBXFileReference; explicitFileType = wrapper.cfbundle; includeInIndex = 0; path = IMAGETests.xctest; sourceTree = BUILT_PRODUCTS_DIR; };
		6B8C953424D120CC00C07D63 /* IMAGETests.swift */ = {isa = PBXFileReference; lastKnownFileType = sourcecode.swift; path = IMAGETests.swift; sourceTree = "<group>"; };
		6B8C953624D120CC00C07D63 /* Info.plist */ = {isa = PBXFileReference; lastKnownFileType = text.plist.xml; path = Info.plist; sourceTree = "<group>"; };
		6B8C953B24D120CC00C07D63 /* IMAGEUITests.xctest */ = {isa = PBXFileReference; explicitFileType = wrapper.cfbundle; includeInIndex = 0; path = IMAGEUITests.xctest; sourceTree = BUILT_PRODUCTS_DIR; };
		6B8C953F24D120CC00C07D63 /* IMAGEUITests.swift */ = {isa = PBXFileReference; lastKnownFileType = sourcecode.swift; path = IMAGEUITests.swift; sourceTree = "<group>"; };
		6B8C954124D120CC00C07D63 /* Info.plist */ = {isa = PBXFileReference; lastKnownFileType = text.plist.xml; path = Info.plist; sourceTree = "<group>"; };
/* End PBXFileReference section */

/* Begin PBXFrameworksBuildPhase section */
		6B8C951724D120C500C07D63 /* Frameworks */ = {
			isa = PBXFrameworksBuildPhase;
			buildActionMask = 2147483647;
			files = (
			);
			runOnlyForDeploymentPostprocessing = 0;
		};
		6B8C952D24D120CC00C07D63 /* Frameworks */ = {
			isa = PBXFrameworksBuildPhase;
			buildActionMask = 2147483647;
			files = (
			);
			runOnlyForDeploymentPostprocessing = 0;
		};
		6B8C953824D120CC00C07D63 /* Frameworks */ = {
			isa = PBXFrameworksBuildPhase;
			buildActionMask = 2147483647;
			files = (
			);
			runOnlyForDeploymentPostprocessing = 0;
		};
/* End PBXFrameworksBuildPhase section */

/* Begin PBXGroup section */
		6B8C951124D120C500C07D63 = {
			isa = PBXGroup;
			children = (
				6B8C951C24D120C500C07D63 /* IMAGE */,
				6B8C953324D120CC00C07D63 /* IMAGETests */,
				6B8C953E24D120CC00C07D63 /* IMAGEUITests */,
				6B8C951B24D120C500C07D63 /* Products */,
			);
			sourceTree = "<group>";
		};
		6B8C951B24D120C500C07D63 /* Products */ = {
			isa = PBXGroup;
			children = (
				6B8C951A24D120C500C07D63 /* IMAGE.app */,
				6B8C953024D120CC00C07D63 /* IMAGETests.xctest */,
				6B8C953B24D120CC00C07D63 /* IMAGEUITests.xctest */,
			);
			name = Products;
			sourceTree = "<group>";
		};
		6B8C951C24D120C500C07D63 /* IMAGE */ = {
			isa = PBXGroup;
			children = (
				6B8C951D24D120C500C07D63 /* AppDelegate.swift */,
				6B8C951F24D120C500C07D63 /* SceneDelegate.swift */,
				6B8C952124D120C500C07D63 /* ViewController.swift */,
				6B8C952324D120C500C07D63 /* Main.storyboard */,
				6B8C952624D120CC00C07D63 /* Assets.xcassets */,
				6B8C952824D120CC00C07D63 /* LaunchScreen.storyboard */,
				6B8C952B24D120CC00C07D63 /* Info.plist */,
			);
			path = IMAGE;
			sourceTree = "<group>";
		};
		6B8C953324D120CC00C07D63 /* IMAGETests */ = {
			isa = PBXGroup;
			children = (
				6B8C953424D120CC00C07D63 /* IMAGETests.swift */,
				6B8C953624D120CC00C07D63 /* Info.plist */,
			);
			path = IMAGETests;
			sourceTree = "<group>";
		};
		6B8C953E24D120CC00C07D63 /* IMAGEUITests */ = {
			isa = PBXGroup;
			children = (
				6B8C953F24D120CC00C07D63 /* IMAGEUITests.swift */,
				6B8C954124D120CC00C07D63 /* Info.plist */,
			);
			path = IMAGEUITests;
			sourceTree = "<group>";
		};
/* End PBXGroup section */

/* Begin PBXNativeTarget section */
		6B8C951924D120C500C07D63 /* IMAGE */ = {
			isa = PBXNativeTarget;
			buildConfigurationList = 6B8C954424D120CC00C07D63 /* Build configuration list for PBXNativeTarget "IMAGE" */;
			buildPhases = (
				6B8C951624D120C500C07D63 /* Sources */,
				6B8C951724D120C500C07D63 /* Frameworks */,
				6B8C951824D120C500C07D63 /* Resources */,
			);
			buildRules = (
			);
			dependencies = (
			);
			name = IMAGE;
			productName = IMAGE;
			productReference = 6B8C951A24D120C500C07D63 /* IMAGE.app */;
			productType = "com.apple.product-type.application";
		};
		6B8C952F24D120CC00C07D63 /* IMAGETests */ = {
			isa = PBXNativeTarget;
			buildConfigurationList = 6B8C954724D120CC00C07D63 /* Build configuration list for PBXNativeTarget "IMAGETests" */;
			buildPhases = (
				6B8C952C24D120CC00C07D63 /* Sources */,
				6B8C952D24D120CC00C07D63 /* Frameworks */,
				6B8C952E24D120CC00C07D63 /* Resources */,
			);
			buildRules = (
			);
			dependencies = (
				6B8C953224D120CC00C07D63 /* PBXTargetDependency */,
			);
			name = IMAGETests;
			productName = IMAGETests;
			productReference = 6B8C953024D120CC00C07D63 /* IMAGETests.xctest */;
			productType = "com.apple.product-type.bundle.unit-test";
		};
		6B8C953A24D120CC00C07D63 /* IMAGEUITests */ = {
			isa = PBXNativeTarget;
			buildConfigurationList = 6B8C954A24D120CC00C07D63 /* Build configuration list for PBXNativeTarget "IMAGEUITests" */;
			buildPhases = (
				6B8C953724D120CC00C07D63 /* Sources */,
				6B8C953824D120CC00C07D63 /* Frameworks */,
				6B8C953924D120CC00C07D63 /* Resources */,
			);
			buildRules = (
			);
			dependencies = (
				6B8C953D24D120CC00C07D63 /* PBXTargetDependency */,
			);
			name = IMAGEUITests;
			productName = IMAGEUITests;
			productReference = 6B8C953B24D120CC00C07D63 /* IMAGEUITests.xctest */;
			productType = "com.apple.product-type.bundle.ui-testing";
		};
/* End PBXNativeTarget section */

/* Begin PBXProject section */
		6B8C951224D120C500C07D63 /* Project object */ = {
			isa = PBXProject;
			attributes = {
				LastSwiftUpdateCheck = 1150;
				LastUpgradeCheck = 1150;
				ORGANIZATIONNAME = "Han Jiali";
				TargetAttributes = {
					6B8C951924D120C500C07D63 = {
						CreatedOnToolsVersion = 11.5;
					};
					6B8C952F24D120CC00C07D63 = {
						CreatedOnToolsVersion = 11.5;
						TestTargetID = 6B8C951924D120C500C07D63;
					};
					6B8C953A24D120CC00C07D63 = {
						CreatedOnToolsVersion = 11.5;
						TestTargetID = 6B8C951924D120C500C07D63;
					};
				};
			};
			buildConfigurationList = 6B8C951524D120C500C07D63 /* Build configuration list for PBXProject "IMAGE" */;
			compatibilityVersion = "Xcode 9.3";
			developmentRegion = en;
			hasScannedForEncodings = 0;
			knownRegions = (
				en,
				Base,
			);
			mainGroup = 6B8C951124D120C500C07D63;
			productRefGroup = 6B8C951B24D120C500C07D63 /* Products */;
			projectDirPath = "";
			projectRoot = "";
			targets = (
				6B8C951924D120C500C07D63 /* IMAGE */,
				6B8C952F24D120CC00C07D63 /* IMAGETests */,
				6B8C953A24D120CC00C07D63 /* IMAGEUITests */,
			);
		};
/* End PBXProject section */

/* Begin PBXResourcesBuildPhase section */
		6B8C951824D120C500C07D63 /* Resources */ = {
			isa = PBXResourcesBuildPhase;
			buildActionMask = 2147483647;
			files = (
				6B8C952A24D120CC00C07D63 /* LaunchScreen.storyboard in Resources */,
				6B8C952724D120CC00C07D63 /* Assets.xcassets in Resources */,
				6B8C952524D120C500C07D63 /* Main.storyboard in Resources */,
			);
			runOnlyForDeploymentPostprocessing = 0;
		};
		6B8C952E24D120CC00C07D63 /* Resources */ = {
			isa = PBXResourcesBuildPhase;
			buildActionMask = 2147483647;
			files = (
			);
			runOnlyForDeploymentPostprocessing = 0;
		};
		6B8C953924D120CC00C07D63 /* Resources */ = {
			isa = PBXResourcesBuildPhase;
			buildActionMask = 2147483647;
			files = (
			);
			runOnlyForDeploymentPostprocessing = 0;
		};
/* End PBXResourcesBuildPhase section */

/* Begin PBXSourcesBuildPhase section */
		6B8C951624D120C500C07D63 /* Sources */ = {
			isa = PBXSourcesBuildPhase;
			buildActionMask = 2147483647;
			files = (
				6B8C952224D120C500C07D63 /* ViewController.swift in Sources */,
				6B8C951E24D120C500C07D63 /* AppDelegate.swift in Sources */,
				6B8C952024D120C500C07D63 /* SceneDelegate.swift in Sources */,
			);
			runOnlyForDeploymentPostprocessing = 0;
		};
		6B8C952C24D120CC00C07D63 /* Sources */ = {
			isa = PBXSourcesBuildPhase;
			buildActionMask = 2147483647;
			files = (
				6B8C953524D120CC00C07D63 /* IMAGETests.swift in Sources */,
			);
			runOnlyForDeploymentPostprocessing = 0;
		};
		6B8C953724D120CC00C07D63 /* Sources */ = {
			isa = PBXSourcesBuildPhase;
			buildActionMask = 2147483647;
			files = (
				6B8C954024D120CC00C07D63 /* IMAGEUITests.swift in Sources */,
			);
			runOnlyForDeploymentPostprocessing = 0;
		};
/* End PBXSourcesBuildPhase section */

/* Begin PBXTargetDependency section */
		6B8C953224D120CC00C07D63 /* PBXTargetDependency */ = {
			isa = PBXTargetDependency;
			target = 6B8C951924D120C500C07D63 /* IMAGE */;
			targetProxy = 6B8C953124D120CC00C07D63 /* PBXContainerItemProxy */;
		};
		6B8C953D24D120CC00C07D63 /* PBXTargetDependency */ = {
			isa = PBXTargetDependency;
			target = 6B8C951924D120C500C07D63 /* IMAGE */;
			targetProxy = 6B8C953C24D120CC00C07D63 /* PBXContainerItemProxy */;
		};
/* End PBXTargetDependency section */

/* Begin PBXVariantGroup section */
		6B8C952324D120C500C07D63 /* Main.storyboard */ = {
			isa = PBXVariantGroup;
			children = (
				6B8C952424D120C500C07D63 /* Base */,
			);
			name = Main.storyboard;
			sourceTree = "<group>";
		};
		6B8C952824D120CC00C07D63 /* LaunchScreen.storyboard */ = {
			isa = PBXVariantGroup;
			children = (
				6B8C952924D120CC00C07D63 /* Base */,
			);
			name = LaunchScreen.storyboard;
			sourceTree = "<group>";
		};
/* End PBXVariantGroup section */

/* Begin XCBuildConfiguration section */
		6B8C954224D120CC00C07D63 /* Debug */ = {
			isa = XCBuildConfiguration;
			buildSettings = {
				ALWAYS_SEARCH_USER_PATHS = NO;
				CLANG_ANALYZER_NONNULL = YES;
				CLANG_ANALYZER_NUMBER_OBJECT_CONVERSION = YES_AGGRESSIVE;
				CLANG_CXX_LANGUAGE_STANDARD = "gnu++14";
				CLANG_CXX_LIBRARY = "libc++";
				CLANG_ENABLE_MODULES = YES;
				CLANG_ENABLE_OBJC_ARC = YES;
				CLANG_ENABLE_OBJC_WEAK = YES;
				CLANG_WARN_BLOCK_CAPTURE_AUTORELEASING = YES;
				CLANG_WARN_BOOL_CONVERSION = YES;
				CLANG_WARN_COMMA = YES;
				CLANG_WARN_CONSTANT_CONVERSION = YES;
				CLANG_WARN_DEPRECATED_OBJC_IMPLEMENTATIONS = YES;
				CLANG_WARN_DIRECT_OBJC_ISA_USAGE = YES_ERROR;
				CLANG_WARN_DOCUMENTATION_COMMENTS = YES;
				CLANG_WARN_EMPTY_BODY = YES;
				CLANG_WARN_ENUM_CONVERSION = YES;
				CLANG_WARN_INFINITE_RECURSION = YES;
				CLANG_WARN_INT_CONVERSION = YES;
				CLANG_WARN_NON_LITERAL_NULL_CONVERSION = YES;
				CLANG_WARN_OBJC_IMPLICIT_RETAIN_SELF = YES;
				CLANG_WARN_OBJC_LITERAL_CONVERSION = YES;
				CLANG_WARN_OBJC_ROOT_CLASS = YES_ERROR;
				CLANG_WARN_RANGE_LOOP_ANALYSIS = YES;
				CLANG_WARN_STRICT_PROTOTYPES = YES;
				CLANG_WARN_SUSPICIOUS_MOVE = YES;
				CLANG_WARN_UNGUARDED_AVAILABILITY = YES_AGGRESSIVE;
				CLANG_WARN_UNREACHABLE_CODE = YES;
				CLANG_WARN__DUPLICATE_METHOD_MATCH = YES;
				COPY_PHASE_STRIP = NO;
				DEBUG_INFORMATION_FORMAT = dwarf;
				ENABLE_STRICT_OBJC_MSGSEND = YES;
				ENABLE_TESTABILITY = YES;
				GCC_C_LANGUAGE_STANDARD = gnu11;
				GCC_DYNAMIC_NO_PIC = NO;
				GCC_NO_COMMON_BLOCKS = YES;
				GCC_OPTIMIZATION_LEVEL = 0;
				GCC_PREPROCESSOR_DEFINITIONS = (
					"DEBUG=1",
					"$(inherited)",
				);
				GCC_WARN_64_TO_32_BIT_CONVERSION = YES;
				GCC_WARN_ABOUT_RETURN_TYPE = YES_ERROR;
				GCC_WARN_UNDECLARED_SELECTOR = YES;
				GCC_WARN_UNINITIALIZED_AUTOS = YES_AGGRESSIVE;
				GCC_WARN_UNUSED_FUNCTION = YES;
				GCC_WARN_UNUSED_VARIABLE = YES;
				IPHONEOS_DEPLOYMENT_TARGET = 13.5;
				MTL_ENABLE_DEBUG_INFO = INCLUDE_SOURCE;
				MTL_FAST_MATH = YES;
				ONLY_ACTIVE_ARCH = YES;
				SDKROOT = iphoneos;
				SWIFT_ACTIVE_COMPILATION_CONDITIONS = DEBUG;
				SWIFT_OPTIMIZATION_LEVEL = "-Onone";
			};
			name = Debug;
		};
		6B8C954324D120CC00C07D63 /* Release */ = {
			isa = XCBuildConfiguration;
			buildSettings = {
				ALWAYS_SEARCH_USER_PATHS = NO;
				CLANG_ANALYZER_NONNULL = YES;
				CLANG_ANALYZER_NUMBER_OBJECT_CONVERSION = YES_AGGRESSIVE;
				CLANG_CXX_LANGUAGE_STANDARD = "gnu++14";
				CLANG_CXX_LIBRARY = "libc++";
				CLANG_ENABLE_MODULES = YES;
				CLANG_ENABLE_OBJC_ARC = YES;
				CLANG_ENABLE_OBJC_WEAK = YES;
				CLANG_WARN_BLOCK_CAPTURE_AUTORELEASING = YES;
				CLANG_WARN_BOOL_CONVERSION = YES;
				CLANG_WARN_COMMA = YES;
				CLANG_WARN_CONSTANT_CONVERSION = YES;
				CLANG_WARN_DEPRECATED_OBJC_IMPLEMENTATIONS = YES;
				CLANG_WARN_DIRECT_OBJC_ISA_USAGE = YES_ERROR;
				CLANG_WARN_DOCUMENTATION_COMMENTS = YES;
				CLANG_WARN_EMPTY_BODY = YES;
				CLANG_WARN_ENUM_CONVERSION = YES;
				CLANG_WARN_INFINITE_RECURSION = YES;
				CLANG_WARN_INT_CONVERSION = YES;
				CLANG_WARN_NON_LITERAL_NULL_CONVERSION = YES;
				CLANG_WARN_OBJC_IMPLICIT_RETAIN_SELF = YES;
				CLANG_WARN_OBJC_LITERAL_CONVERSION = YES;
				CLANG_WARN_OBJC_ROOT_CLASS = YES_ERROR;
				CLANG_WARN_RANGE_LOOP_ANALYSIS = YES;
				CLANG_WARN_STRICT_PROTOTYPES = YES;
				CLANG_WARN_SUSPICIOUS_MOVE = YES;
				CLANG_WARN_UNGUARDED_AVAILABILITY = YES_AGGRESSIVE;
				CLANG_WARN_UNREACHABLE_CODE = YES;
				CLANG_WARN__DUPLICATE_METHOD_MATCH = YES;
				COPY_PHASE_STRIP = NO;
				DEBUG_INFORMATION_FORMAT = "dwarf-with-dsym";
				ENABLE_NS_ASSERTIONS = NO;
				ENABLE_STRICT_OBJC_MSGSEND = YES;
				GCC_C_LANGUAGE_STANDARD = gnu11;
				GCC_NO_COMMON_BLOCKS = YES;
				GCC_WARN_64_TO_32_BIT_CONVERSION = YES;
				GCC_WARN_ABOUT_RETURN_TYPE = YES_ERROR;
				GCC_WARN_UNDECLARED_SELECTOR = YES;
				GCC_WARN_UNINITIALIZED_AUTOS = YES_AGGRESSIVE;
				GCC_WARN_UNUSED_FUNCTION = YES;
				GCC_WARN_UNUSED_VARIABLE = YES;
				IPHONEOS_DEPLOYMENT_TARGET = 13.5;
				MTL_ENABLE_DEBUG_INFO = NO;
				MTL_FAST_MATH = YES;
				SDKROOT = iphoneos;
				SWIFT_COMPILATION_MODE = wholemodule;
				SWIFT_OPTIMIZATION_LEVEL = "-O";
				VALIDATE_PRODUCT = YES;
			};
			name = Release;
		};
		6B8C954524D120CC00C07D63 /* Debug */ = {
			isa = XCBuildConfiguration;
			buildSettings = {
				ASSETCATALOG_COMPILER_APPICON_NAME = AppIcon;
				CODE_SIGN_STYLE = Automatic;
				INFOPLIST_FILE = IMAGE/Info.plist;
				LD_RUNPATH_SEARCH_PATHS = (
					"$(inherited)",
					"@executable_path/Frameworks",
				);
				PRODUCT_BUNDLE_IDENTIFIER = com.jelly.ios.IMAGE;
				PRODUCT_NAME = "$(TARGET_NAME)";
				SWIFT_VERSION = 5.0;
				TARGETED_DEVICE_FAMILY = "1,2";
			};
			name = Debug;
		};
		6B8C954624D120CC00C07D63 /* Release */ = {
			isa = XCBuildConfiguration;
			buildSettings = {
				ASSETCATALOG_COMPILER_APPICON_NAME = AppIcon;
				CODE_SIGN_STYLE = Automatic;
				INFOPLIST_FILE = IMAGE/Info.plist;
				LD_RUNPATH_SEARCH_PATHS = (
					"$(inherited)",
					"@executable_path/Frameworks",
				);
				PRODUCT_BUNDLE_IDENTIFIER = com.jelly.ios.IMAGE;
				PRODUCT_NAME = "$(TARGET_NAME)";
				SWIFT_VERSION = 5.0;
				TARGETED_DEVICE_FAMILY = "1,2";
			};
			name = Release;
		};
		6B8C954824D120CC00C07D63 /* Debug */ = {
			isa = XCBuildConfiguration;
			buildSettings = {
				ALWAYS_EMBED_SWIFT_STANDARD_LIBRARIES = YES;
				BUNDLE_LOADER = "$(TEST_HOST)";
				CODE_SIGN_STYLE = Automatic;
				INFOPLIST_FILE = IMAGETests/Info.plist;
				IPHONEOS_DEPLOYMENT_TARGET = 13.5;
				LD_RUNPATH_SEARCH_PATHS = (
					"$(inherited)",
					"@executable_path/Frameworks",
					"@loader_path/Frameworks",
				);
				PRODUCT_BUNDLE_IDENTIFIER = com.jelly.ios.IMAGETests;
				PRODUCT_NAME = "$(TARGET_NAME)";
				SWIFT_VERSION = 5.0;
				TARGETED_DEVICE_FAMILY = "1,2";
				TEST_HOST = "$(BUILT_PRODUCTS_DIR)/IMAGE.app/IMAGE";
			};
			name = Debug;
		};
		6B8C954924D120CC00C07D63 /* Release */ = {
			isa = XCBuildConfiguration;
			buildSettings = {
				ALWAYS_EMBED_SWIFT_STANDARD_LIBRARIES = YES;
				BUNDLE_LOADER = "$(TEST_HOST)";
				CODE_SIGN_STYLE = Automatic;
				INFOPLIST_FILE = IMAGETests/Info.plist;
				IPHONEOS_DEPLOYMENT_TARGET = 13.5;
				LD_RUNPATH_SEARCH_PATHS = (
					"$(inherited)",
					"@executable_path/Frameworks",
					"@loader_path/Frameworks",
				);
				PRODUCT_BUNDLE_IDENTIFIER = com.jelly.ios.IMAGETests;
				PRODUCT_NAME = "$(TARGET_NAME)";
				SWIFT_VERSION = 5.0;
				TARGETED_DEVICE_FAMILY = "1,2";
				TEST_HOST = "$(BUILT_PRODUCTS_DIR)/IMAGE.app/IMAGE";
			};
			name = Release;
		};
		6B8C954B24D120CC00C07D63 /* Debug */ = {
			isa = XCBuildConfiguration;
			buildSettings = {
				ALWAYS_EMBED_SWIFT_STANDARD_LIBRARIES = YES;
				CODE_SIGN_STYLE = Automatic;
				INFOPLIST_FILE = IMAGEUITests/Info.plist;
				LD_RUNPATH_SEARCH_PATHS = (
					"$(inherited)",
					"@executable_path/Frameworks",
					"@loader_path/Frameworks",
				);
				PRODUCT_BUNDLE_IDENTIFIER = com.jelly.ios.IMAGEUITests;
				PRODUCT_NAME = "$(TARGET_NAME)";
				SWIFT_VERSION = 5.0;
				TARGETED_DEVICE_FAMILY = "1,2";
				TEST_TARGET_NAME = IMAGE;
			};
			name = Debug;
		};
		6B8C954C24D120CC00C07D63 /* Release */ = {
			isa = XCBuildConfiguration;
			buildSettings = {
				ALWAYS_EMBED_SWIFT_STANDARD_LIBRARIES = YES;
				CODE_SIGN_STYLE = Automatic;
				INFOPLIST_FILE = IMAGEUITests/Info.plist;
				LD_RUNPATH_SEARCH_PATHS = (
					"$(inherited)",
					"@executable_path/Frameworks",
					"@loader_path/Frameworks",
				);
				PRODUCT_BUNDLE_IDENTIFIER = com.jelly.ios.IMAGEUITests;
				PRODUCT_NAME = "$(TARGET_NAME)";
				SWIFT_VERSION = 5.0;
				TARGETED_DEVICE_FAMILY = "1,2";
				TEST_TARGET_NAME = IMAGE;
			};
			name = Release;
		};
/* End XCBuildConfiguration section */

/* Begin XCConfigurationList section */
		6B8C951524D120C500C07D63 /* Build configuration list for PBXProject "IMAGE" */ = {
			isa = XCConfigurationList;
			buildConfigurations = (
				6B8C954224D120CC00C07D63 /* Debug */,
				6B8C954324D120CC00C07D63 /* Release */,
			);
			defaultConfigurationIsVisible = 0;
			defaultConfigurationName = Release;
		};
		6B8C954424D120CC00C07D63 /* Build configuration list for PBXNativeTarget "IMAGE" */ = {
			isa = XCConfigurationList;
			buildConfigurations = (
				6B8C954524D120CC00C07D63 /* Debug */,
				6B8C954624D120CC00C07D63 /* Release */,
			);
			defaultConfigurationIsVisible = 0;
			defaultConfigurationName = Release;
		};
		6B8C954724D120CC00C07D63 /* Build configuration list for PBXNativeTarget "IMAGETests" */ = {
			isa = XCConfigurationList;
			buildConfigurations = (
				6B8C954824D120CC00C07D63 /* Debug */,
				6B8C954924D120CC00C07D63 /* Release */,
			);
			defaultConfigurationIsVisible = 0;
			defaultConfigurationName = Release;
		};
		6B8C954A24D120CC00C07D63 /* Build configuration list for PBXNativeTarget "IMAGEUITests" */ = {
			isa = XCConfigurationList;
			buildConfigurations = (
				6B8C954B24D120CC00C07D63 /* Debug */,
				6B8C954C24D120CC00C07D63 /* Release */,
			);
			defaultConfigurationIsVisible = 0;
			defaultConfigurationName = Release;
		};
/* End XCConfigurationList section */
	};
	rootObject = 6B8C951224D120C500C07D63 /* Project object */;
}
